
Microsoft Visual Studio Solution File, Format Version 12.00
# Visual Studio Version 16
VisualStudioVersion = 16.0.33927.289
MinimumVisualStudioVersion = 10.0.40219.1
Project("{FAE04EC0-301F-11D3-BF4B-00C04F79EFBC}") = "CookBook", "CookBook\CookBook.csproj", "{7D25E3A8-B748-40DA-8ED6-3BEA7D94F937}"
EndProject
Global
	GlobalSection(SolutionConfigurationPlatforms) = preSolution
		Debug|Any CPU = Debug|Any CPU
		Release|Any CPU = Release|Any CPU
	EndGlobalSection
	GlobalSection(ProjectConfigurationPlatforms) = postSolution
		{7D25E3A8-B748-40DA-8ED6-3BEA7D94F937}.Debug|Any CPU.ActiveCfg = Debug|Any CPU
		{7D25E3A8-B748-40DA-8ED6-3BEA7D94F937}.Debug|Any CPU.Build.0 = Debug|Any CPU
		{7D25E3A8-B748-40DA-8ED6-3BEA7D94F937}.Release|Any CPU.ActiveCfg = Release|Any CPU
		{7D25E3A8-B748-40DA-8ED6-3BEA7D94F937}.Release|Any CPU.Build.0 = Release|Any CPU
	EndGlobalSection
	GlobalSection(SolutionProperties) = preSolution
		HideSolutionNode = FALSE
	EndGlobalSection
	GlobalSection(ExtensibilityGlobals) = postSolution
		SolutionGuid = {42575161-B5B1-40C1-B6F6-4ACBB19AF8B8}
	EndGlobalSection
EndGlobal
